
Microsoft Visual Studio Solution File, Format Version 12.00
# Visual Studio Version 17
VisualStudioVersion = 17.11.35327.3
MinimumVisualStudioVersion = 10.0.40219.1
Project("{8BC9CEB8-8B4A-11D0-8D11-00A0C91BC942}") = "ATM SYSTEM project", "ATM SYSTEM project\ATM SYSTEM project.vcxproj", "{053796DE-6796-4E38-A190-CA36F7ADC067}"
EndProject
Project("{8BC9CEB8-8B4A-11D0-8D11-00A0C91BC942}") = "Project-Bank-1", "..\course 7\Project-Bank-1\Project-Bank-1\Project-Bank-1.vcxproj", "{40D754BC-93B6-45B5-BFF6-15874724AF4C}"
EndProject
Global
	GlobalSection(SolutionConfigurationPlatforms) = preSolution
		Debug|x64 = Debug|x64
		Debug|x86 = Debug|x86
		Release|x64 = Release|x64
		Release|x86 = Release|x86
	EndGlobalSection
	GlobalSection(ProjectConfigurationPlatforms) = postSolution
		{053796DE-6796-4E38-A190-CA36F7ADC067}.Debug|x64.ActiveCfg = Debug|x64
		{053796DE-6796-4E38-A190-CA36F7ADC067}.Debug|x64.Build.0 = Debug|x64
		{053796DE-6796-4E38-A190-CA36F7ADC067}.Debug|x86.ActiveCfg = Debug|Win32
		{053796DE-6796-4E38-A190-CA36F7ADC067}.Debug|x86.Build.0 = Debug|Win32
		{053796DE-6796-4E38-A190-CA36F7ADC067}.Release|x64.ActiveCfg = Release|x64
		{053796DE-6796-4E38-A190-CA36F7ADC067}.Release|x64.Build.0 = Release|x64
		{053796DE-6796-4E38-A190-CA36F7ADC067}.Release|x86.ActiveCfg = Release|Win32
		{053796DE-6796-4E38-A190-CA36F7ADC067}.Release|x86.Build.0 = Release|Win32
		{40D754BC-93B6-45B5-BFF6-15874724AF4C}.Debug|x64.ActiveCfg = Debug|x64
		{40D754BC-93B6-45B5-BFF6-15874724AF4C}.Debug|x64.Build.0 = Debug|x64
		{40D754BC-93B6-45B5-BFF6-15874724AF4C}.Debug|x86.ActiveCfg = Debug|Win32
		{40D754BC-93B6-45B5-BFF6-15874724AF4C}.Debug|x86.Build.0 = Debug|Win32
		{40D754BC-93B6-45B5-BFF6-15874724AF4C}.Release|x64.ActiveCfg = Release|x64
		{40D754BC-93B6-45B5-BFF6-15874724AF4C}.Release|x64.Build.0 = Release|x64
		{40D754BC-93B6-45B5-BFF6-15874724AF4C}.Release|x86.ActiveCfg = Release|Win32
		{40D754BC-93B6-45B5-BFF6-15874724AF4C}.Release|x86.Build.0 = Release|Win32
	EndGlobalSection
	GlobalSection(SolutionProperties) = preSolution
		HideSolutionNode = FALSE
	EndGlobalSection
	GlobalSection(ExtensibilityGlobals) = postSolution
		SolutionGuid = {055F52B8-F06C-4BDA-9076-E1614B0AEE2A}
	EndGlobalSection
EndGlobal
